lockfileVersion: '9.0'

settings:
  autoInstallPeers: true
  excludeLinksFromLockfile: false

importers:

  .:
    dependencies:
      react-router-dom:
        specifier: ^7.8.1
        version: 7.8.1(react-dom@19.1.1(react@19.1.1))(react@19.1.1)
      unique-names-generator:
        specifier: ^4.7.1
        version: 4.7.1

packages:

  cookie@1.0.2:
    resolution: {integrity: sha512-9Kr/j4O16ISv8zBBhJoi4bXOYNTkFLOqSL3UDB0njXxCXNezjeyVrJyGOWtgfs/q2km1gwBcfH8q1yEGoMYunA==}
    engines: {node: '>=18'}

  react-dom@19.1.1:
    resolution: {integrity: sha512-Dlq/5LAZgF0Gaz6yiqZCf6VCcZs1ghAJyrsu84Q/GT0gV+mCxbfmKNoGRKBYMJ8IEdGPqu49YWXD02GCknEDkw==}
    peerDependencies:
      react: ^19.1.1

  react-router-dom@7.8.1:
    resolution: {integrity: sha512-NkgBCF3sVgCiAWIlSt89GR2PLaksMpoo3HDCorpRfnCEfdtRPLiuTf+CNXvqZMI5SJLZCLpVCvcZrTdtGW64xQ==}
    engines: {node: '>=20.0.0'}
    peerDependencies:
      react: '>=18'
      react-dom: '>=18'

  react-router@7.8.1:
    resolution: {integrity: sha512-5cy/M8DHcG51/KUIka1nfZ2QeylS4PJRs6TT8I4PF5axVsI5JUxp0hC0NZ/AEEj8Vw7xsEoD7L/6FY+zoYaOGA==}
    engines: {node: '>=20.0.0'}
    peerDependencies:
      react: '>=18'
      react-dom: '>=18'
    peerDependenciesMeta:
      react-dom:
        optional: true

  react@19.1.1:
    resolution: {integrity: sha512-w8nqGImo45dmMIfljjMwOGtbmC/mk4CMYhWIicdSflH91J9TyCyczcPFXJzrZ/ZXcgGRFeP6BU0BEJTw6tZdfQ==}
    engines: {node: '>=0.10.0'}

  scheduler@0.26.0:
    resolution: {integrity: sha512-NlHwttCI/l5gCPR3D1nNXtWABUmBwvZpEQiD4IXSbIDq8BzLIK/7Ir5gTFSGZDUu37K5cMNp0hFtzO38sC7gWA==}

  set-cookie-parser@2.7.1:
    resolution: {integrity: sha512-IOc8uWeOZgnb3ptbCURJWNjWUPcO3ZnTTdzsurqERrP6nPyv+paC55vJM0LpOlT2ne+Ix+9+CRG1MNLlyZ4GjQ==}

  unique-names-generator@4.7.1:
    resolution: {integrity: sha512-lMx9dX+KRmG8sq6gulYYpKWZc9RlGsgBR6aoO8Qsm3qvkSJ+3rAymr+TnV8EDMrIrwuFJ4kruzMWM/OpYzPoow==}
    engines: {node: '>=8'}

snapshots:

  cookie@1.0.2: {}

  react-dom@19.1.1(react@19.1.1):
    dependencies:
      react: 19.1.1
      scheduler: 0.26.0

  react-router-dom@7.8.1(react-dom@19.1.1(react@19.1.1))(react@19.1.1):
    dependencies:
      react: 19.1.1
      react-dom: 19.1.1(react@19.1.1)
      react-router: 7.8.1(react-dom@19.1.1(react@19.1.1))(react@19.1.1)

  react-router@7.8.1(react-dom@19.1.1(react@19.1.1))(react@19.1.1):
    dependencies:
      cookie: 1.0.2
      react: 19.1.1
      set-cookie-parser: 2.7.1
    optionalDependencies:
      react-dom: 19.1.1(react@19.1.1)

  react@19.1.1: {}

  scheduler@0.26.0: {}

  set-cookie-parser@2.7.1: {}

  unique-names-generator@4.7.1: {}
